
Microsoft Visual Studio Solution File, Format Version 12.00
# Visual Studio Version 16
VisualStudioVersion = 16.0.31605.320
MinimumVisualStudioVersion = 10.0.40219.1
Project("{FAE04EC0-301F-11D3-BF4B-00C04F79EFBC}") = "Archives recorder in a txt file", "Archives recorder in a txt file\Archives recorder in a txt file.csproj", "{92672D1F-F9F4-421C-8A48-78F8E2392D1A}"
EndProject
Global
	GlobalSection(SolutionConfigurationPlatforms) = preSolution
		Debug|Any CPU = Debug|Any CPU
		Release|Any CPU = Release|Any CPU
	EndGlobalSection
	GlobalSection(ProjectConfigurationPlatforms) = postSolution
		{92672D1F-F9F4-421C-8A48-78F8E2392D1A}.Debug|Any CPU.ActiveCfg = Debug|Any CPU
		{92672D1F-F9F4-421C-8A48-78F8E2392D1A}.Debug|Any CPU.Build.0 = Debug|Any CPU
		{92672D1F-F9F4-421C-8A48-78F8E2392D1A}.Release|Any CPU.ActiveCfg = Release|Any CPU
		{92672D1F-F9F4-421C-8A48-78F8E2392D1A}.Release|Any CPU.Build.0 = Release|Any CPU
	EndGlobalSection
	GlobalSection(SolutionProperties) = preSolution
		HideSolutionNode = FALSE
	EndGlobalSection
	GlobalSection(ExtensibilityGlobals) = postSolution
		SolutionGuid = {0ABAC37F-935A-475D-BB62-2A4A971B8FA3}
	EndGlobalSection
EndGlobal
